
Microsoft Visual Studio Solution File, Format Version 12.00
# Visual Studio Version 17
VisualStudioVersion = 17.4.33122.133
MinimumVisualStudioVersion = 10.0.40219.1
Project("{9A19103F-16F7-4668-BE54-9A1E7A4F7556}") = "TestMitra2", "TestMitra2\TestMitra2.csproj", "{37F25D9C-A8F1-4238-8251-F3ED99C4A8C7}"
EndProject
Global
	GlobalSection(SolutionConfigurationPlatforms) = preSolution
		Debug|Any CPU = Debug|Any CPU
		Release|Any CPU = Release|Any CPU
	EndGlobalSection
	GlobalSection(ProjectConfigurationPlatforms) = postSolution
		{37F25D9C-A8F1-4238-8251-F3ED99C4A8C7}.Debug|Any CPU.ActiveCfg = Debug|Any CPU
		{37F25D9C-A8F1-4238-8251-F3ED99C4A8C7}.Debug|Any CPU.Build.0 = Debug|Any CPU
		{37F25D9C-A8F1-4238-8251-F3ED99C4A8C7}.Release|Any CPU.ActiveCfg = Release|Any CPU
		{37F25D9C-A8F1-4238-8251-F3ED99C4A8C7}.Release|Any CPU.Build.0 = Release|Any CPU
	EndGlobalSection
	GlobalSection(SolutionProperties) = preSolution
		HideSolutionNode = FALSE
	EndGlobalSection
	GlobalSection(ExtensibilityGlobals) = postSolution
		SolutionGuid = {D597602C-1CA6-44F5-83A9-59A610913695}
	EndGlobalSection
EndGlobal
